// !$*UTF8*$!
{
	archiveVersion = 1;
	classes = {
	};
	objectVersion = 55;
	objects = {

/* Begin PBXBuildFile section */
		101CC793273C6E2F00D3E640 /* InfColorBarPicker.m in Sources */ = {isa = PBXBuildFile; fileRef = 101CC786273C6E2F00D3E640 /* InfColorBarPicker.m */; };
		101CC794273C6E2F00D3E640 /* InfColorPickerController.m in Sources */ = {isa = PBXBuildFile; fileRef = 101CC787273C6E2F00D3E640 /* InfColorPickerController.m */; };
		101CC795273C6E2F00D3E640 /* InfHSBSupport.m in Sources */ = {isa = PBXBuildFile; fileRef = 101CC789273C6E2F00D3E640 /* InfHSBSupport.m */; };
		101CC796273C6E2F00D3E640 /* InfColorSquarePicker.m in Sources */ = {isa = PBXBuildFile; fileRef = 101CC78B273C6E2F00D3E640 /* InfColorSquarePicker.m */; };
		101CC797273C6E2F00D3E640 /* InfColorPickerNavigationController.m in Sources */ = {isa = PBXBuildFile; fileRef = 101CC78E273C6E2F00D3E640 /* InfColorPickerNavigationController.m */; };
		101CC798273C6E2F00D3E640 /* InfSourceColorView.m in Sources */ = {isa = PBXBuildFile; fileRef = 101CC790273C6E2F00D3E640 /* InfSourceColorView.m */; };
		101CC799273C6E2F00D3E640 /* InfColorIndicatorView.m in Sources */ = {isa = PBXBuildFile; fileRef = 101CC791273C6E2F00D3E640 /* InfColorIndicatorView.m */; };
		10A3F518273C6859003E40B0 /* InfColorPicker.m in Sources */ = {isa = PBXBuildFile; fileRef = 10A3F517273C6859003E40B0 /* InfColorPicker.m */; };
		10A3F519273C6859003E40B0 /* InfColorPicker.h in CopyFiles */ = {isa = PBXBuildFile; fileRef = 10A3F516273C6859003E40B0 /* InfColorPicker.h */; };
/* End PBXBuildFile section */

/* Begin PBXCopyFilesBuildPhase section */
		10A3F511273C6859003E40B0 /* CopyFiles */ = {
			isa = PBXCopyFilesBuildPhase;
			buildActionMask = 2147483647;
			dstPath = "include/$(PRODUCT_NAME)";
			dstSubfolderSpec = 16;
			files = (
				10A3F519273C6859003E40B0 /* InfColorPicker.h in CopyFiles */,
			);
			runOnlyForDeploymentPostprocessing = 0;
		};
/* End PBXCopyFilesBuildPhase section */

/* Begin PBXFileReference section */
		101CC784273C6E2F00D3E640 /* InfColorIndicatorView.h */ = {isa = PBXFileReference; fileEncoding = 4; lastKnownFileType = sourcecode.c.h; path = InfColorIndicatorView.h; sourceTree = "<group>"; };
		101CC785273C6E2F00D3E640 /* InfColorPickerController.h */ = {isa = PBXFileReference; fileEncoding = 4; lastKnownFileType = sourcecode.c.h; path = InfColorPickerController.h; sourceTree = "<group>"; };
		101CC786273C6E2F00D3E640 /* InfColorBarPicker.m */ = {isa = PBXFileReference; fileEncoding = 4; lastKnownFileType = sourcecode.c.objc; path = InfColorBarPicker.m; sourceTree = "<group>"; };
		101CC787273C6E2F00D3E640 /* InfColorPickerController.m */ = {isa = PBXFileReference; fileEncoding = 4; lastKnownFileType = sourcecode.c.objc; path = InfColorPickerController.m; sourceTree = "<group>"; };
		101CC788273C6E2F00D3E640 /* InfSourceColorView.h */ = {isa = PBXFileReference; fileEncoding = 4; lastKnownFileType = sourcecode.c.h; path = InfSourceColorView.h; sourceTree = "<group>"; };
		101CC789273C6E2F00D3E640 /* InfHSBSupport.m */ = {isa = PBXFileReference; fileEncoding = 4; lastKnownFileType = sourcecode.c.objc; path = InfHSBSupport.m; sourceTree = "<group>"; };
		101CC78A273C6E2F00D3E640 /* InfColorPickerNavigationController.h */ = {isa = PBXFileReference; fileEncoding = 4; lastKnownFileType = sourcecode.c.h; path = InfColorPickerNavigationController.h; sourceTree = "<group>"; };
		101CC78B273C6E2F00D3E640 /* InfColorSquarePicker.m */ = {isa = PBXFileReference; fileEncoding = 4; lastKnownFileType = sourcecode.c.objc; path = InfColorSquarePicker.m; sourceTree = "<group>"; };
		101CC78C273C6E2F00D3E640 /* InfHSBSupport.h */ = {isa = PBXFileReference; fileEncoding = 4; lastKnownFileType = sourcecode.c.h; path = InfHSBSupport.h; sourceTree = "<group>"; };
		101CC78D273C6E2F00D3E640 /* InfColorSquarePicker.h */ = {isa = PBXFileReference; fileEncoding = 4; lastKnownFileType = sourcecode.c.h; path = InfColorSquarePicker.h; sourceTree = "<group>"; };
		101CC78E273C6E2F00D3E640 /* InfColorPickerNavigationController.m */ = {isa = PBXFileReference; fileEncoding = 4; lastKnownFileType = sourcecode.c.objc; path = InfColorPickerNavigationController.m; sourceTree = "<group>"; };
		101CC78F273C6E2F00D3E640 /* InfColorPickerView.xib */ = {isa = PBXFileReference; fileEncoding = 4; lastKnownFileType = file.xib; path = InfColorPickerView.xib; sourceTree = "<group>"; };
		101CC790273C6E2F00D3E640 /* InfSourceColorView.m */ = {isa = PBXFileReference; fileEncoding = 4; lastKnownFileType = sourcecode.c.objc; path = InfSourceColorView.m; sourceTree = "<group>"; };
		101CC791273C6E2F00D3E640 /* InfColorIndicatorView.m */ = {isa = PBXFileReference; fileEncoding = 4; lastKnownFileType = sourcecode.c.objc; path = InfColorIndicatorView.m; sourceTree = "<group>"; };
		101CC792273C6E2F00D3E640 /* InfColorBarPicker.h */ = {isa = PBXFileReference; fileEncoding = 4; lastKnownFileType = sourcecode.c.h; path = InfColorBarPicker.h; sourceTree = "<group>"; };
		10A3F513273C6859003E40B0 /* libInfColorPicker.a */ = {isa = PBXFileReference; explicitFileType = archive.ar; includeInIndex = 0; path = libInfColorPicker.a; sourceTree = BUILT_PRODUCTS_DIR; };
		10A3F516273C6859003E40B0 /* InfColorPicker.h */ = {isa = PBXFileReference; lastKnownFileType = sourcecode.c.h; path = InfColorPicker.h; sourceTree = "<group>"; };
		10A3F517273C6859003E40B0 /* InfColorPicker.m */ = {isa = PBXFileReference; lastKnownFileType = sourcecode.c.objc; path = InfColorPicker.m; sourceTree = "<group>"; };
/* End PBXFileReference section */

/* Begin PBXFrameworksBuildPhase section */
		10A3F510273C6859003E40B0 /* Frameworks */ = {
			isa = PBXFrameworksBuildPhase;
			buildActionMask = 2147483647;
			files = (
			);
			runOnlyForDeploymentPostprocessing = 0;
		};
/* End PBXFrameworksBuildPhase section */

/* Begin PBXGroup section */
		10A3F50A273C6859003E40B0 = {
			isa = PBXGroup;
			children = (
				10A3F515273C6859003E40B0 /* InfColorPicker */,
				10A3F514273C6859003E40B0 /* Products */,
			);
			sourceTree = "<group>";
		};
		10A3F514273C6859003E40B0 /* Products */ = {
			isa = PBXGroup;
			children = (
				10A3F513273C6859003E40B0 /* libInfColorPicker.a */,
			);
			name = Products;
			sourceTree = "<group>";
		};
		10A3F515273C6859003E40B0 /* InfColorPicker */ = {
			isa = PBXGroup;
			children = (
				101CC792273C6E2F00D3E640 /* InfColorBarPicker.h */,
				101CC786273C6E2F00D3E640 /* InfColorBarPicker.m */,
				101CC784273C6E2F00D3E640 /* InfColorIndicatorView.h */,
				101CC791273C6E2F00D3E640 /* InfColorIndicatorView.m */,
				101CC785273C6E2F00D3E640 /* InfColorPickerController.h */,
				101CC787273C6E2F00D3E640 /* InfColorPickerController.m */,
				101CC78A273C6E2F00D3E640 /* InfColorPickerNavigationController.h */,
				101CC78E273C6E2F00D3E640 /* InfColorPickerNavigationController.m */,
				101CC78F273C6E2F00D3E640 /* InfColorPickerView.xib */,
				101CC78D273C6E2F00D3E640 /* InfColorSquarePicker.h */,
				101CC78B273C6E2F00D3E640 /* InfColorSquarePicker.m */,
				101CC78C273C6E2F00D3E640 /* InfHSBSupport.h */,
				101CC789273C6E2F00D3E640 /* InfHSBSupport.m */,
				101CC788273C6E2F00D3E640 /* InfSourceColorView.h */,
				101CC790273C6E2F00D3E640 /* InfSourceColorView.m */,
				10A3F516273C6859003E40B0 /* InfColorPicker.h */,
				10A3F517273C6859003E40B0 /* InfColorPicker.m */,
			);
			path = InfColorPicker;
			sourceTree = "<group>";
		};
/* End PBXGroup section */

/* Begin PBXNativeTarget section */
		10A3F512273C6859003E40B0 /* InfColorPicker */ = {
			isa = PBXNativeTarget;
			buildConfigurationList = 10A3F51C273C6859003E40B0 /* Build configuration list for PBXNativeTarget "InfColorPicker" */;
			buildPhases = (
				10A3F50F273C6859003E40B0 /* Sources */,
				10A3F510273C6859003E40B0 /* Frameworks */,
				10A3F511273C6859003E40B0 /* CopyFiles */,
			);
			buildRules = (
			);
			dependencies = (
			);
			name = InfColorPicker;
			productName = InfColorPicker;
			productReference = 10A3F513273C6859003E40B0 /* libInfColorPicker.a */;
			productType = "com.apple.product-type.library.static";
		};
/* End PBXNativeTarget section */

/* Begin PBXProject section */
		10A3F50B273C6859003E40B0 /* Project object */ = {
			isa = PBXProject;
			attributes = {
				BuildIndependentTargetsInParallel = 1;
				LastUpgradeCheck = 1310;
				TargetAttributes = {
					10A3F512273C6859003E40B0 = {
						CreatedOnToolsVersion = 13.1;
					};
				};
			};
			buildConfigurationList = 10A3F50E273C6859003E40B0 /* Build configuration list for PBXProject "InfColorPicker" */;
			compatibilityVersion = "Xcode 13.0";
			developmentRegion = en;
			hasScannedForEncodings = 0;
			knownRegions = (
				en,
				Base,
			);
			mainGroup = 10A3F50A273C6859003E40B0;
			productRefGroup = 10A3F514273C6859003E40B0 /* Products */;
			projectDirPath = "";
			projectRoot = "";
			targets = (
				10A3F512273C6859003E40B0 /* InfColorPicker */,
			);
		};
/* End PBXProject section */

/* Begin PBXSourcesBuildPhase section */
		10A3F50F273C6859003E40B0 /* Sources */ = {
			isa = PBXSourcesBuildPhase;
			buildActionMask = 2147483647;
			files = (
				101CC796273C6E2F00D3E640 /* InfColorSquarePicker.m in Sources */,
				101CC798273C6E2F00D3E640 /* InfSourceColorView.m in Sources */,
				10A3F518273C6859003E40B0 /* InfColorPicker.m in Sources */,
				101CC795273C6E2F00D3E640 /* InfHSBSupport.m in Sources */,
				101CC794273C6E2F00D3E640 /* InfColorPickerController.m in Sources */,
				101CC793273C6E2F00D3E640 /* InfColorBarPicker.m in Sources */,
				101CC799273C6E2F00D3E640 /* InfColorIndicatorView.m in Sources */,
				101CC797273C6E2F00D3E640 /* InfColorPickerNavigationController.m in Sources */,
			);
			runOnlyForDeploymentPostprocessing = 0;
		};
/* End PBXSourcesBuildPhase section */

/* Begin XCBuildConfiguration section */
		10A3F51A273C6859003E40B0 /* Debug */ = {
			isa = XCBuildConfiguration;
			buildSettings = {
				ALWAYS_SEARCH_USER_PATHS = NO;
				CLANG_ANALYZER_NONNULL = YES;
				CLANG_ANALYZER_NUMBER_OBJECT_CONVERSION = YES_AGGRESSIVE;
				CLANG_CXX_LANGUAGE_STANDARD = "gnu++17";
				CLANG_CXX_LIBRARY = "libc++";
				CLANG_ENABLE_MODULES = YES;
				CLANG_ENABLE_OBJC_ARC = YES;
				CLANG_ENABLE_OBJC_WEAK = YES;
				CLANG_WARN_BLOCK_CAPTURE_AUTORELEASING = YES;
				CLANG_WARN_BOOL_CONVERSION = YES;
				CLANG_WARN_COMMA = YES;
				CLANG_WARN_CONSTANT_CONVERSION = YES;
				CLANG_WARN_DEPRECATED_OBJC_IMPLEMENTATIONS = YES;
				CLANG_WARN_DIRECT_OBJC_ISA_USAGE = YES_ERROR;
				CLANG_WARN_DOCUMENTATION_COMMENTS = YES;
				CLANG_WARN_EMPTY_BODY = YES;
				CLANG_WARN_ENUM_CONVERSION = YES;
				CLANG_WARN_INFINITE_RECURSION = YES;
				CLANG_WARN_INT_CONVERSION = YES;
				CLANG_WARN_NON_LITERAL_NULL_CONVERSION = YES;
				CLANG_WARN_OBJC_IMPLICIT_RETAIN_SELF = YES;
				CLANG_WARN_OBJC_LITERAL_CONVERSION = YES;
				CLANG_WARN_OBJC_ROOT_CLASS = YES_ERROR;
				CLANG_WARN_QUOTED_INCLUDE_IN_FRAMEWORK_HEADER = YES;
				CLANG_WARN_RANGE_LOOP_ANALYSIS = YES;
				CLANG_WARN_STRICT_PROTOTYPES = YES;
				CLANG_WARN_SUSPICIOUS_MOVE = YES;
				CLANG_WARN_UNGUARDED_AVAILABILITY = YES_AGGRESSIVE;
				CLANG_WARN_UNREACHABLE_CODE = YES;
				CLANG_WARN__DUPLICATE_METHOD_MATCH = YES;
				COPY_PHASE_STRIP = NO;
				DEBUG_INFORMATION_FORMAT = dwarf;
				ENABLE_STRICT_OBJC_MSGSEND = YES;
				ENABLE_TESTABILITY = YES;
				GCC_C_LANGUAGE_STANDARD = gnu11;
				GCC_DYNAMIC_NO_PIC = NO;
				GCC_NO_COMMON_BLOCKS = YES;
				GCC_OPTIMIZATION_LEVEL = 0;
				GCC_PREPROCESSOR_DEFINITIONS = (
					"DEBUG=1",
					"$(inherited)",
				);
				GCC_WARN_64_TO_32_BIT_CONVERSION = YES;
				GCC_WARN_ABOUT_RETURN_TYPE = YES_ERROR;
				GCC_WARN_UNDECLARED_SELECTOR = YES;
				GCC_WARN_UNINITIALIZED_AUTOS = YES_AGGRESSIVE;
				GCC_WARN_UNUSED_FUNCTION = YES;
				GCC_WARN_UNUSED_VARIABLE = YES;
				IPHONEOS_DEPLOYMENT_TARGET = 15.0;
				MTL_ENABLE_DEBUG_INFO = INCLUDE_SOURCE;
				MTL_FAST_MATH = YES;
				ONLY_ACTIVE_ARCH = YES;
				SDKROOT = iphoneos;
			};
			name = Debug;
		};
		10A3F51B273C6859003E40B0 /* Release */ = {
			isa = XCBuildConfiguration;
			buildSettings = {
				ALWAYS_SEARCH_USER_PATHS = NO;
				CLANG_ANALYZER_NONNULL = YES;
				CLANG_ANALYZER_NUMBER_OBJECT_CONVERSION = YES_AGGRESSIVE;
				CLANG_CXX_LANGUAGE_STANDARD = "gnu++17";
				CLANG_CXX_LIBRARY = "libc++";
				CLANG_ENABLE_MODULES = YES;
				CLANG_ENABLE_OBJC_ARC = YES;
				CLANG_ENABLE_OBJC_WEAK = YES;
				CLANG_WARN_BLOCK_CAPTURE_AUTORELEASING = YES;
				CLANG_WARN_BOOL_CONVERSION = YES;
				CLANG_WARN_COMMA = YES;
				CLANG_WARN_CONSTANT_CONVERSION = YES;
				CLANG_WARN_DEPRECATED_OBJC_IMPLEMENTATIONS = YES;
				CLANG_WARN_DIRECT_OBJC_ISA_USAGE = YES_ERROR;
				CLANG_WARN_DOCUMENTATION_COMMENTS = YES;
				CLANG_WARN_EMPTY_BODY = YES;
				CLANG_WARN_ENUM_CONVERSION = YES;
				CLANG_WARN_INFINITE_RECURSION = YES;
				CLANG_WARN_INT_CONVERSION = YES;
				CLANG_WARN_NON_LITERAL_NULL_CONVERSION = YES;
				CLANG_WARN_OBJC_IMPLICIT_RETAIN_SELF = YES;
				CLANG_WARN_OBJC_LITERAL_CONVERSION = YES;
				CLANG_WARN_OBJC_ROOT_CLASS = YES_ERROR;
				CLANG_WARN_QUOTED_INCLUDE_IN_FRAMEWORK_HEADER = YES;
				CLANG_WARN_RANGE_LOOP_ANALYSIS = YES;
				CLANG_WARN_STRICT_PROTOTYPES = YES;
				CLANG_WARN_SUSPICIOUS_MOVE = YES;
				CLANG_WARN_UNGUARDED_AVAILABILITY = YES_AGGRESSIVE;
				CLANG_WARN_UNREACHABLE_CODE = YES;
				CLANG_WARN__DUPLICATE_METHOD_MATCH = YES;
				COPY_PHASE_STRIP = NO;
				DEBUG_INFORMATION_FORMAT = "dwarf-with-dsym";
				ENABLE_NS_ASSERTIONS = NO;
				ENABLE_STRICT_OBJC_MSGSEND = YES;
				GCC_C_LANGUAGE_STANDARD = gnu11;
				GCC_NO_COMMON_BLOCKS = YES;
				GCC_WARN_64_TO_32_BIT_CONVERSION = YES;
				GCC_WARN_ABOUT_RETURN_TYPE = YES_ERROR;
				GCC_WARN_UNDECLARED_SELECTOR = YES;
				GCC_WARN_UNINITIALIZED_AUTOS = YES_AGGRESSIVE;
				GCC_WARN_UNUSED_FUNCTION = YES;
				GCC_WARN_UNUSED_VARIABLE = YES;
				IPHONEOS_DEPLOYMENT_TARGET = 15.0;
				MTL_ENABLE_DEBUG_INFO = NO;
				MTL_FAST_MATH = YES;
				SDKROOT = iphoneos;
				VALIDATE_PRODUCT = YES;
			};
			name = Release;
		};
		10A3F51D273C6859003E40B0 /* Debug */ = {
			isa = XCBuildConfiguration;
			buildSettings = {
				CODE_SIGN_STYLE = Automatic;
				OTHER_LDFLAGS = "-ObjC";
				PRODUCT_NAME = "$(TARGET_NAME)";
				SKIP_INSTALL = YES;
				TARGETED_DEVICE_FAMILY = "1,2";
			};
			name = Debug;
		};
		10A3F51E273C6859003E40B0 /* Release */ = {
			isa = XCBuildConfiguration;
			buildSettings = {
				CODE_SIGN_STYLE = Automatic;
				OTHER_LDFLAGS = "-ObjC";
				PRODUCT_NAME = "$(TARGET_NAME)";
				SKIP_INSTALL = YES;
				TARGETED_DEVICE_FAMILY = "1,2";
			};
			name = Release;
		};
/* End XCBuildConfiguration section */

/* Begin XCConfigurationList section */
		10A3F50E273C6859003E40B0 /* Build configuration list for PBXProject "InfColorPicker" */ = {
			isa = XCConfigurationList;
			buildConfigurations = (
				10A3F51A273C6859003E40B0 /* Debug */,
				10A3F51B273C6859003E40B0 /* Release */,
			);
			defaultConfigurationIsVisible = 0;
			defaultConfigurationName = Release;
		};
		10A3F51C273C6859003E40B0 /* Build configuration list for PBXNativeTarget "InfColorPicker" */ = {
			isa = XCConfigurationList;
			buildConfigurations = (
				10A3F51D273C6859003E40B0 /* Debug */,
				10A3F51E273C6859003E40B0 /* Release */,
			);
			defaultConfigurationIsVisible = 0;
			defaultConfigurationName = Release;
		};
/* End XCConfigurationList section */
	};
	rootObject = 10A3F50B273C6859003E40B0 /* Project object */;
}
